{
  "name": "minity",
  "version": "1.0.0-alpha.29",
  "lockfileVersion": 2,
  "requires": true,
  "packages": {
    "": {
      "name": "minity",
      "version": "1.0.0-alpha.29",
      "license": "GPLV3",
      "dependencies": {
        "@minity/parser": "^1.0.0-alpha.21",
        "chalk": "^4.1.2",
        "enquirer": "^2.3.6",
        "minimist": "^1.2.5",
        "node-watch": "^0.7.2"
      },
      "bin": {
        "minity": "bin/index.js"
      }
    },
    "node_modules/@minity/parser": {
      "version": "1.0.0-alpha.21",
      "resolved": "https://registry.npmjs.org/@minity/parser/-/parser-1.0.0-alpha.21.tgz",
      "integrity": "sha512-F73d1r20mSssLgGMdqZKj/RMFQXwnTTk7MCIXnvMKrcRFu91Vu1n0XapSnmH6W1/gPNy0wPKC1LsqP4RukGnIw==",
      "dependencies": {
        "merge-anything": "^4.0.1"
      }
    },
    "node_modules/ansi-colors": {
      "version": "4.1.1",
      "license": "MIT",
      "engines": {
        "node": ">=6"
      }
    },
    "node_modules/ansi-styles": {
      "version": "4.3.0",
      "license": "MIT",
      "dependencies": {
        "color-convert": "^2.0.1"
      },
      "engines": {
        "node": ">=8"
      },
      "funding": {
        "url": "https://github.com/chalk/ansi-styles?sponsor=1"
      }
    },
    "node_modules/chalk": {
      "version": "4.1.2",
      "license": "MIT",
      "dependencies": {
        "ansi-styles": "^4.1.0",
        "supports-color": "^7.1.0"
      },
      "engines": {
        "node": ">=10"
      },
      "funding": {
        "url": "https://github.com/chalk/chalk?sponsor=1"
      }
    },
    "node_modules/color-convert": {
      "version": "2.0.1",
      "license": "MIT",
      "dependencies": {
        "color-name": "~1.1.4"
      },
      "engines": {
        "node": ">=7.0.0"
      }
    },
    "node_modules/color-name": {
      "version": "1.1.4",
      "license": "MIT"
    },
    "node_modules/enquirer": {
      "version": "2.3.6",
      "license": "MIT",
      "dependencies": {
        "ansi-colors": "^4.1.1"
      },
      "engines": {
        "node": ">=8.6"
      }
    },
    "node_modules/has-flag": {
      "version": "4.0.0",
      "license": "MIT",
      "engines": {
        "node": ">=8"
      }
    },
    "node_modules/is-what": {
      "version": "3.14.1",
      "license": "MIT"
    },
    "node_modules/merge-anything": {
      "version": "4.0.2",
      "license": "MIT",
      "dependencies": {
        "is-what": "^3.14.1",
        "ts-toolbelt": "^9.6.0"
      }
    },
    "node_modules/minimist": {
      "version": "1.2.5",
      "license": "MIT"
    },
    "node_modules/node-watch": {
      "version": "0.7.2",
      "license": "MIT",
      "engines": {
        "node": ">=6"
      }
    },
    "node_modules/supports-color": {
      "version": "7.2.0",
      "license": "MIT",
      "dependencies": {
        "has-flag": "^4.0.0"
      },
      "engines": {
        "node": ">=8"
      }
    },
    "node_modules/ts-toolbelt": {
      "version": "9.6.0",
      "license": "Apache-2.0"
    }
  },
  "dependencies": {
    "@minity/parser": {
      "version": "1.0.0-alpha.21",
      "resolved": "https://registry.npmjs.org/@minity/parser/-/parser-1.0.0-alpha.21.tgz",
      "integrity": "sha512-F73d1r20mSssLgGMdqZKj/RMFQXwnTTk7MCIXnvMKrcRFu91Vu1n0XapSnmH6W1/gPNy0wPKC1LsqP4RukGnIw==",
      "requires": {
        "merge-anything": "^4.0.1"
      }
    },
    "ansi-colors": {
      "version": "4.1.1"
    },
    "ansi-styles": {
      "version": "4.3.0",
      "requires": {
        "color-convert": "^2.0.1"
      }
    },
    "chalk": {
      "version": "4.1.2",
      "requires": {
        "ansi-styles": "^4.1.0",
        "supports-color": "^7.1.0"
      }
    },
    "color-convert": {
      "version": "2.0.1",
      "requires": {
        "color-name": "~1.1.4"
      }
    },
    "color-name": {
      "version": "1.1.4"
    },
    "enquirer": {
      "version": "2.3.6",
      "requires": {
        "ansi-colors": "^4.1.1"
      }
    },
    "has-flag": {
      "version": "4.0.0"
    },
    "is-what": {
      "version": "3.14.1"
    },
    "merge-anything": {
      "version": "4.0.2",
      "requires": {
        "is-what": "^3.14.1",
        "ts-toolbelt": "^9.6.0"
      }
    },
    "minimist": {
      "version": "1.2.5"
    },
    "node-watch": {
      "version": "0.7.2"
    },
    "supports-color": {
      "version": "7.2.0",
      "requires": {
        "has-flag": "^4.0.0"
      }
    },
    "ts-toolbelt": {
      "version": "9.6.0"
    }
  }
}
