{
  "name": "minity",
  "version": "1.0.0-alpha.15",
  "lockfileVersion": 2,
  "requires": true,
  "packages": {
    "": {
      "name": "minity",
      "version": "1.0.0-alpha.15",
      "license": "GPLV3",
      "dependencies": {
        "@minity/parser": "^1.0.0-alpha.4",
        "chalk": "^4.1.2",
        "enquirer": "^2.3.6",
        "minimist": "^1.2.5",
        "node-watch": "^0.7.2"
      },
      "bin": {
        "minity": "bin/index.js"
      }
    },
    "../mclang-parser": {
      "name": "@minity/parser",
      "version": "1.0.0-alpha.2",
      "extraneous": true,
      "license": "GPL-3.0",
      "dependencies": {
        "merge-anything": "^4.0.1"
      },
      "devDependencies": {
        "peggy": "^1.2.0"
      }
    },
    "../minity-parser": {
      "version": "1.0.0",
      "extraneous": true,
      "license": "ISC",
      "dependencies": {
        "merge-anything": "^4.0.1"
      },
      "devDependencies": {
        "peggy": "^1.2.0"
      }
    },
    "node_modules/@minity/parser": {
      "version": "1.0.0-alpha.4",
      "resolved": "https://registry.npmjs.org/@minity/parser/-/parser-1.0.0-alpha.4.tgz",
      "integrity": "sha512-myAyjAsHE/VrBOMrHCfgtSBzIYTOEryTPBAC4nQEepju9YUvfmk9d2opX1qfG8BqRUJREQ8fXw8aiaV91H8GTQ==",
      "dependencies": {
        "merge-anything": "^4.0.1"
      }
    },
    "node_modules/ansi-colors": {
      "version": "4.1.1",
      "resolved": "https://registry.npmjs.org/ansi-colors/-/ansi-colors-4.1.1.tgz",
      "integrity": "sha512-JoX0apGbHaUJBNl6yF+p6JAFYZ666/hhCGKN5t9QFjbJQKUU/g8MNbFDbvfrgKXvI1QpZplPOnwIo99lX/AAmA==",
      "engines": {
        "node": ">=6"
      }
    },
    "node_modules/ansi-styles": {
      "version": "4.3.0",
      "resolved": "https://registry.npmjs.org/ansi-styles/-/ansi-styles-4.3.0.tgz",
      "integrity": "sha512-zbB9rCJAT1rbjiVDb2hqKFHNYLxgtk8NURxZ3IZwD3F6NtxbXZQCnnSi1Lkx+IDohdPlFp222wVALIheZJQSEg==",
      "dependencies": {
        "color-convert": "^2.0.1"
      },
      "engines": {
        "node": ">=8"
      },
      "funding": {
        "url": "https://github.com/chalk/ansi-styles?sponsor=1"
      }
    },
    "node_modules/chalk": {
      "version": "4.1.2",
      "resolved": "https://registry.npmjs.org/chalk/-/chalk-4.1.2.tgz",
      "integrity": "sha512-oKnbhFyRIXpUuez8iBMmyEa4nbj4IOQyuhc/wy9kY7/WVPcwIO9VA668Pu8RkO7+0G76SLROeyw9CpQ061i4mA==",
      "dependencies": {
        "ansi-styles": "^4.1.0",
        "supports-color": "^7.1.0"
      },
      "engines": {
        "node": ">=10"
      },
      "funding": {
        "url": "https://github.com/chalk/chalk?sponsor=1"
      }
    },
    "node_modules/color-convert": {
      "version": "2.0.1",
      "resolved": "https://registry.npmjs.org/color-convert/-/color-convert-2.0.1.tgz",
      "integrity": "sha512-RRECPsj7iu/xb5oKYcsFHSppFNnsj/52OVTRKb4zP5onXwVF3zVmmToNcOfGC+CRDpfK/U584fMg38ZHCaElKQ==",
      "dependencies": {
        "color-name": "~1.1.4"
      },
      "engines": {
        "node": ">=7.0.0"
      }
    },
    "node_modules/color-name": {
      "version": "1.1.4",
      "resolved": "https://registry.npmjs.org/color-name/-/color-name-1.1.4.tgz",
      "integrity": "sha512-dOy+3AuW3a2wNbZHIuMZpTcgjGuLU/uBL/ubcZF9OXbDo8ff4O8yVp5Bf0efS8uEoYo5q4Fx7dY9OgQGXgAsQA=="
    },
    "node_modules/enquirer": {
      "version": "2.3.6",
      "resolved": "https://registry.npmjs.org/enquirer/-/enquirer-2.3.6.tgz",
      "integrity": "sha512-yjNnPr315/FjS4zIsUxYguYUPP2e1NK4d7E7ZOLiyYCcbFBiTMyID+2wvm2w6+pZ/odMA7cRkjhsPbltwBOrLg==",
      "dependencies": {
        "ansi-colors": "^4.1.1"
      },
      "engines": {
        "node": ">=8.6"
      }
    },
    "node_modules/has-flag": {
      "version": "4.0.0",
      "resolved": "https://registry.npmjs.org/has-flag/-/has-flag-4.0.0.tgz",
      "integrity": "sha512-EykJT/Q1KjTWctppgIAgfSO0tKVuZUjhgMr17kqTumMl6Afv3EISleU7qZUzoXDFTAHTDC4NOoG/ZxU3EvlMPQ==",
      "engines": {
        "node": ">=8"
      }
    },
    "node_modules/is-what": {
      "version": "3.14.1",
      "resolved": "https://registry.npmjs.org/is-what/-/is-what-3.14.1.tgz",
      "integrity": "sha512-sNxgpk9793nzSs7bA6JQJGeIuRBQhAaNGG77kzYQgMkrID+lS6SlK07K5LaptscDlSaIgH+GPFzf+d75FVxozA=="
    },
    "node_modules/merge-anything": {
      "version": "4.0.1",
      "resolved": "https://registry.npmjs.org/merge-anything/-/merge-anything-4.0.1.tgz",
      "integrity": "sha512-KsFjBYc3juDoHz9Vzd5fte1nqp06H8SQ+yU344Dd0ZunwSgtltnC0kgKds8cbocJGyViLcBQuHkitbDXAqW+LQ==",
      "dependencies": {
        "is-what": "^3.14.1",
        "ts-toolbelt": "^9.3.12"
      }
    },
    "node_modules/minimist": {
      "version": "1.2.5",
      "resolved": "https://registry.npmjs.org/minimist/-/minimist-1.2.5.tgz",
      "integrity": "sha512-FM9nNUYrRBAELZQT3xeZQ7fmMOBg6nWNmJKTcgsJeaLstP/UODVpGsr5OhXhhXg6f+qtJ8uiZ+PUxkDWcgIXLw=="
    },
    "node_modules/node-watch": {
      "version": "0.7.2",
      "resolved": "https://registry.npmjs.org/node-watch/-/node-watch-0.7.2.tgz",
      "integrity": "sha512-g53VjSARRv1JdST0LZRIg8RiuLr1TaBbVPsVvxh0/0Ymvi0xYUjDuoqQQAWtHJQUXhiShowPT/aXKNeHBcyQsw==",
      "engines": {
        "node": ">=6"
      }
    },
    "node_modules/supports-color": {
      "version": "7.2.0",
      "resolved": "https://registry.npmjs.org/supports-color/-/supports-color-7.2.0.tgz",
      "integrity": "sha512-qpCAvRl9stuOHveKsn7HncJRvv501qIacKzQlO/+Lwxc9+0q2wLyv4Dfvt80/DPn2pqOBsJdDiogXGR9+OvwRw==",
      "dependencies": {
        "has-flag": "^4.0.0"
      },
      "engines": {
        "node": ">=8"
      }
    },
    "node_modules/ts-toolbelt": {
      "version": "9.6.0",
      "resolved": "https://registry.npmjs.org/ts-toolbelt/-/ts-toolbelt-9.6.0.tgz",
      "integrity": "sha512-nsZd8ZeNUzukXPlJmTBwUAuABDe/9qtVDelJeT/qW0ow3ZS3BsQJtNkan1802aM9Uf68/Y8ljw86Hu0h5IUW3w=="
    }
  },
  "dependencies": {
    "@minity/parser": {
      "version": "1.0.0-alpha.4",
      "resolved": "https://registry.npmjs.org/@minity/parser/-/parser-1.0.0-alpha.4.tgz",
      "integrity": "sha512-myAyjAsHE/VrBOMrHCfgtSBzIYTOEryTPBAC4nQEepju9YUvfmk9d2opX1qfG8BqRUJREQ8fXw8aiaV91H8GTQ==",
      "requires": {
        "merge-anything": "^4.0.1"
      }
    },
    "ansi-colors": {
      "version": "4.1.1",
      "resolved": "https://registry.npmjs.org/ansi-colors/-/ansi-colors-4.1.1.tgz",
      "integrity": "sha512-JoX0apGbHaUJBNl6yF+p6JAFYZ666/hhCGKN5t9QFjbJQKUU/g8MNbFDbvfrgKXvI1QpZplPOnwIo99lX/AAmA=="
    },
    "ansi-styles": {
      "version": "4.3.0",
      "resolved": "https://registry.npmjs.org/ansi-styles/-/ansi-styles-4.3.0.tgz",
      "integrity": "sha512-zbB9rCJAT1rbjiVDb2hqKFHNYLxgtk8NURxZ3IZwD3F6NtxbXZQCnnSi1Lkx+IDohdPlFp222wVALIheZJQSEg==",
      "requires": {
        "color-convert": "^2.0.1"
      }
    },
    "chalk": {
      "version": "4.1.2",
      "resolved": "https://registry.npmjs.org/chalk/-/chalk-4.1.2.tgz",
      "integrity": "sha512-oKnbhFyRIXpUuez8iBMmyEa4nbj4IOQyuhc/wy9kY7/WVPcwIO9VA668Pu8RkO7+0G76SLROeyw9CpQ061i4mA==",
      "requires": {
        "ansi-styles": "^4.1.0",
        "supports-color": "^7.1.0"
      }
    },
    "color-convert": {
      "version": "2.0.1",
      "resolved": "https://registry.npmjs.org/color-convert/-/color-convert-2.0.1.tgz",
      "integrity": "sha512-RRECPsj7iu/xb5oKYcsFHSppFNnsj/52OVTRKb4zP5onXwVF3zVmmToNcOfGC+CRDpfK/U584fMg38ZHCaElKQ==",
      "requires": {
        "color-name": "~1.1.4"
      }
    },
    "color-name": {
      "version": "1.1.4",
      "resolved": "https://registry.npmjs.org/color-name/-/color-name-1.1.4.tgz",
      "integrity": "sha512-dOy+3AuW3a2wNbZHIuMZpTcgjGuLU/uBL/ubcZF9OXbDo8ff4O8yVp5Bf0efS8uEoYo5q4Fx7dY9OgQGXgAsQA=="
    },
    "enquirer": {
      "version": "2.3.6",
      "resolved": "https://registry.npmjs.org/enquirer/-/enquirer-2.3.6.tgz",
      "integrity": "sha512-yjNnPr315/FjS4zIsUxYguYUPP2e1NK4d7E7ZOLiyYCcbFBiTMyID+2wvm2w6+pZ/odMA7cRkjhsPbltwBOrLg==",
      "requires": {
        "ansi-colors": "^4.1.1"
      }
    },
    "has-flag": {
      "version": "4.0.0",
      "resolved": "https://registry.npmjs.org/has-flag/-/has-flag-4.0.0.tgz",
      "integrity": "sha512-EykJT/Q1KjTWctppgIAgfSO0tKVuZUjhgMr17kqTumMl6Afv3EISleU7qZUzoXDFTAHTDC4NOoG/ZxU3EvlMPQ=="
    },
    "is-what": {
      "version": "3.14.1",
      "resolved": "https://registry.npmjs.org/is-what/-/is-what-3.14.1.tgz",
      "integrity": "sha512-sNxgpk9793nzSs7bA6JQJGeIuRBQhAaNGG77kzYQgMkrID+lS6SlK07K5LaptscDlSaIgH+GPFzf+d75FVxozA=="
    },
    "merge-anything": {
      "version": "4.0.1",
      "resolved": "https://registry.npmjs.org/merge-anything/-/merge-anything-4.0.1.tgz",
      "integrity": "sha512-KsFjBYc3juDoHz9Vzd5fte1nqp06H8SQ+yU344Dd0ZunwSgtltnC0kgKds8cbocJGyViLcBQuHkitbDXAqW+LQ==",
      "requires": {
        "is-what": "^3.14.1",
        "ts-toolbelt": "^9.3.12"
      }
    },
    "minimist": {
      "version": "1.2.5",
      "resolved": "https://registry.npmjs.org/minimist/-/minimist-1.2.5.tgz",
      "integrity": "sha512-FM9nNUYrRBAELZQT3xeZQ7fmMOBg6nWNmJKTcgsJeaLstP/UODVpGsr5OhXhhXg6f+qtJ8uiZ+PUxkDWcgIXLw=="
    },
    "node-watch": {
      "version": "0.7.2",
      "resolved": "https://registry.npmjs.org/node-watch/-/node-watch-0.7.2.tgz",
      "integrity": "sha512-g53VjSARRv1JdST0LZRIg8RiuLr1TaBbVPsVvxh0/0Ymvi0xYUjDuoqQQAWtHJQUXhiShowPT/aXKNeHBcyQsw=="
    },
    "supports-color": {
      "version": "7.2.0",
      "resolved": "https://registry.npmjs.org/supports-color/-/supports-color-7.2.0.tgz",
      "integrity": "sha512-qpCAvRl9stuOHveKsn7HncJRvv501qIacKzQlO/+Lwxc9+0q2wLyv4Dfvt80/DPn2pqOBsJdDiogXGR9+OvwRw==",
      "requires": {
        "has-flag": "^4.0.0"
      }
    },
    "ts-toolbelt": {
      "version": "9.6.0",
      "resolved": "https://registry.npmjs.org/ts-toolbelt/-/ts-toolbelt-9.6.0.tgz",
      "integrity": "sha512-nsZd8ZeNUzukXPlJmTBwUAuABDe/9qtVDelJeT/qW0ow3ZS3BsQJtNkan1802aM9Uf68/Y8ljw86Hu0h5IUW3w=="
    }
  }
}
